
Microsoft Visual Studio Solution File, Format Version 12.00
# Visual Studio Version 17
VisualStudioVersion = 17.0.31903.59
MinimumVisualStudioVersion = 10.0.40219.1
Project("{2150E333-8FDC-42A3-9474-1A3956D46DE8}") = "src", "src", "{827E0CD3-B72D-47B6-A68D-7590B98EB39B}"
EndProject
Project("{FAE04EC0-301F-11D3-BF4B-00C04F79EFBC}") = "ChordCraft.Core", "src\ChordCraft.Core\ChordCraft.Core.csproj", "{924726C8-56A1-4D17-9DFB-78D8A732487E}"
EndProject
Project("{FAE04EC0-301F-11D3-BF4B-00C04F79EFBC}") = "ChordCraft.Infrastructure", "src\ChordCraft.Infrastructure\ChordCraft.Infrastructure.csproj", "{8B6823E9-3009-4528-8D48-A88802C93551}"
EndProject
Project("{FAE04EC0-301F-11D3-BF4B-00C04F79EFBC}") = "ChordCraft.Api", "src\ChordCraft.Api\ChordCraft.Api.csproj", "{8C969B9C-2884-4BA5-B75D-C935C7CE922B}"
EndProject
Project("{FAE04EC0-301F-11D3-BF4B-00C04F79EFBC}") = "ChordCraft.Client", "src\ChordCraft.Client\ChordCraft.Client.csproj", "{6BDD2585-01ED-419E-BFD9-81E55B230FE9}"
EndProject
Project("{2150E333-8FDC-42A3-9474-1A3956D46DE8}") = "tests", "tests", "{0AB3BF05-4346-4AA6-1389-037BE0695223}"
EndProject
Project("{FAE04EC0-301F-11D3-BF4B-00C04F79EFBC}") = "ChordCraft.Core.Tests", "tests\ChordCraft.Core.Tests\ChordCraft.Core.Tests.csproj", "{91BEE358-6FD5-4E17-AF0F-D8144F6F7070}"
EndProject
Project("{FAE04EC0-301F-11D3-BF4B-00C04F79EFBC}") = "ChordCraft.Api.Tests", "tests\ChordCraft.Api.Tests\ChordCraft.Api.Tests.csproj", "{72B52171-1F17-40E5-90C4-5254126867C8}"
EndProject
Project("{FAE04EC0-301F-11D3-BF4B-00C04F79EFBC}") = "ChordCraft.Client.Tests", "tests\ChordCraft.Client.Tests\ChordCraft.Client.Tests.csproj", "{8E2744A9-4310-494D-819A-9643219DB506}"
EndProject
Global
	GlobalSection(SolutionConfigurationPlatforms) = preSolution
		Debug|Any CPU = Debug|Any CPU
		Debug|x64 = Debug|x64
		Debug|x86 = Debug|x86
		Release|Any CPU = Release|Any CPU
		Release|x64 = Release|x64
		Release|x86 = Release|x86
	EndGlobalSection
	GlobalSection(ProjectConfigurationPlatforms) = postSolution
		{924726C8-56A1-4D17-9DFB-78D8A732487E}.Debug|Any CPU.ActiveCfg = Debug|Any CPU
		{924726C8-56A1-4D17-9DFB-78D8A732487E}.Debug|Any CPU.Build.0 = Debug|Any CPU
		{924726C8-56A1-4D17-9DFB-78D8A732487E}.Debug|x64.ActiveCfg = Debug|Any CPU
		{924726C8-56A1-4D17-9DFB-78D8A732487E}.Debug|x64.Build.0 = Debug|Any CPU
		{924726C8-56A1-4D17-9DFB-78D8A732487E}.Debug|x86.ActiveCfg = Debug|Any CPU
		{924726C8-56A1-4D17-9DFB-78D8A732487E}.Debug|x86.Build.0 = Debug|Any CPU
		{924726C8-56A1-4D17-9DFB-78D8A732487E}.Release|Any CPU.ActiveCfg = Release|Any CPU
		{924726C8-56A1-4D17-9DFB-78D8A732487E}.Release|Any CPU.Build.0 = Release|Any CPU
		{924726C8-56A1-4D17-9DFB-78D8A732487E}.Release|x64.ActiveCfg = Release|Any CPU
		{924726C8-56A1-4D17-9DFB-78D8A732487E}.Release|x64.Build.0 = Release|Any CPU
		{924726C8-56A1-4D17-9DFB-78D8A732487E}.Release|x86.ActiveCfg = Release|Any CPU
		{924726C8-56A1-4D17-9DFB-78D8A732487E}.Release|x86.Build.0 = Release|Any CPU
		{8B6823E9-3009-4528-8D48-A88802C93551}.Debug|Any CPU.ActiveCfg = Debug|Any CPU
		{8B6823E9-3009-4528-8D48-A88802C93551}.Debug|Any CPU.Build.0 = Debug|Any CPU
		{8B6823E9-3009-4528-8D48-A88802C93551}.Debug|x64.ActiveCfg = Debug|Any CPU
		{8B6823E9-3009-4528-8D48-A88802C93551}.Debug|x64.Build.0 = Debug|Any CPU
		{8B6823E9-3009-4528-8D48-A88802C93551}.Debug|x86.ActiveCfg = Debug|Any CPU
		{8B6823E9-3009-4528-8D48-A88802C93551}.Debug|x86.Build.0 = Debug|Any CPU
		{8B6823E9-3009-4528-8D48-A88802C93551}.Release|Any CPU.ActiveCfg = Release|Any CPU
		{8B6823E9-3009-4528-8D48-A88802C93551}.Release|Any CPU.Build.0 = Release|Any CPU
		{8B6823E9-3009-4528-8D48-A88802C93551}.Release|x64.ActiveCfg = Release|Any CPU
		{8B6823E9-3009-4528-8D48-A88802C93551}.Release|x64.Build.0 = Release|Any CPU
		{8B6823E9-3009-4528-8D48-A88802C93551}.Release|x86.ActiveCfg = Release|Any CPU
		{8B6823E9-3009-4528-8D48-A88802C93551}.Release|x86.Build.0 = Release|Any CPU
		{8C969B9C-2884-4BA5-B75D-C935C7CE922B}.Debug|Any CPU.ActiveCfg = Debug|Any CPU
		{8C969B9C-2884-4BA5-B75D-C935C7CE922B}.Debug|Any CPU.Build.0 = Debug|Any CPU
		{8C969B9C-2884-4BA5-B75D-C935C7CE922B}.Debug|x64.ActiveCfg = Debug|Any CPU
		{8C969B9C-2884-4BA5-B75D-C935C7CE922B}.Debug|x64.Build.0 = Debug|Any CPU
		{8C969B9C-2884-4BA5-B75D-C935C7CE922B}.Debug|x86.ActiveCfg = Debug|Any CPU
		{8C969B9C-2884-4BA5-B75D-C935C7CE922B}.Debug|x86.Build.0 = Debug|Any CPU
		{8C969B9C-2884-4BA5-B75D-C935C7CE922B}.Release|Any CPU.ActiveCfg = Release|Any CPU
		{8C969B9C-2884-4BA5-B75D-C935C7CE922B}.Release|Any CPU.Build.0 = Release|Any CPU
		{8C969B9C-2884-4BA5-B75D-C935C7CE922B}.Release|x64.ActiveCfg = Release|Any CPU
		{8C969B9C-2884-4BA5-B75D-C935C7CE922B}.Release|x64.Build.0 = Release|Any CPU
		{8C969B9C-2884-4BA5-B75D-C935C7CE922B}.Release|x86.ActiveCfg = Release|Any CPU
		{8C969B9C-2884-4BA5-B75D-C935C7CE922B}.Release|x86.Build.0 = Release|Any CPU
		{6BDD2585-01ED-419E-BFD9-81E55B230FE9}.Debug|Any CPU.ActiveCfg = Debug|Any CPU
		{6BDD2585-01ED-419E-BFD9-81E55B230FE9}.Debug|Any CPU.Build.0 = Debug|Any CPU
		{6BDD2585-01ED-419E-BFD9-81E55B230FE9}.Debug|x64.ActiveCfg = Debug|Any CPU
		{6BDD2585-01ED-419E-BFD9-81E55B230FE9}.Debug|x64.Build.0 = Debug|Any CPU
		{6BDD2585-01ED-419E-BFD9-81E55B230FE9}.Debug|x86.ActiveCfg = Debug|Any CPU
		{6BDD2585-01ED-419E-BFD9-81E55B230FE9}.Debug|x86.Build.0 = Debug|Any CPU
		{6BDD2585-01ED-419E-BFD9-81E55B230FE9}.Release|Any CPU.ActiveCfg = Release|Any CPU
		{6BDD2585-01ED-419E-BFD9-81E55B230FE9}.Release|Any CPU.Build.0 = Release|Any CPU
		{6BDD2585-01ED-419E-BFD9-81E55B230FE9}.Release|x64.ActiveCfg = Release|Any CPU
		{6BDD2585-01ED-419E-BFD9-81E55B230FE9}.Release|x64.Build.0 = Release|Any CPU
		{6BDD2585-01ED-419E-BFD9-81E55B230FE9}.Release|x86.ActiveCfg = Release|Any CPU
		{6BDD2585-01ED-419E-BFD9-81E55B230FE9}.Release|x86.Build.0 = Release|Any CPU
		{91BEE358-6FD5-4E17-AF0F-D8144F6F7070}.Debug|Any CPU.ActiveCfg = Debug|Any CPU
		{91BEE358-6FD5-4E17-AF0F-D8144F6F7070}.Debug|Any CPU.Build.0 = Debug|Any CPU
		{91BEE358-6FD5-4E17-AF0F-D8144F6F7070}.Debug|x64.ActiveCfg = Debug|Any CPU
		{91BEE358-6FD5-4E17-AF0F-D8144F6F7070}.Debug|x64.Build.0 = Debug|Any CPU
		{91BEE358-6FD5-4E17-AF0F-D8144F6F7070}.Debug|x86.ActiveCfg = Debug|Any CPU
		{91BEE358-6FD5-4E17-AF0F-D8144F6F7070}.Debug|x86.Build.0 = Debug|Any CPU
		{91BEE358-6FD5-4E17-AF0F-D8144F6F7070}.Release|Any CPU.ActiveCfg = Release|Any CPU
		{91BEE358-6FD5-4E17-AF0F-D8144F6F7070}.Release|Any CPU.Build.0 = Release|Any CPU
		{91BEE358-6FD5-4E17-AF0F-D8144F6F7070}.Release|x64.ActiveCfg = Release|Any CPU
		{91BEE358-6FD5-4E17-AF0F-D8144F6F7070}.Release|x64.Build.0 = Release|Any CPU
		{91BEE358-6FD5-4E17-AF0F-D8144F6F7070}.Release|x86.ActiveCfg = Release|Any CPU
		{91BEE358-6FD5-4E17-AF0F-D8144F6F7070}.Release|x86.Build.0 = Release|Any CPU
		{72B52171-1F17-40E5-90C4-5254126867C8}.Debug|Any CPU.ActiveCfg = Debug|Any CPU
		{72B52171-1F17-40E5-90C4-5254126867C8}.Debug|Any CPU.Build.0 = Debug|Any CPU
		{72B52171-1F17-40E5-90C4-5254126867C8}.Debug|x64.ActiveCfg = Debug|Any CPU
		{72B52171-1F17-40E5-90C4-5254126867C8}.Debug|x64.Build.0 = Debug|Any CPU
		{72B52171-1F17-40E5-90C4-5254126867C8}.Debug|x86.ActiveCfg = Debug|Any CPU
		{72B52171-1F17-40E5-90C4-5254126867C8}.Debug|x86.Build.0 = Debug|Any CPU
		{72B52171-1F17-40E5-90C4-5254126867C8}.Release|Any CPU.ActiveCfg = Release|Any CPU
		{72B52171-1F17-40E5-90C4-5254126867C8}.Release|Any CPU.Build.0 = Release|Any CPU
		{72B52171-1F17-40E5-90C4-5254126867C8}.Release|x64.ActiveCfg = Release|Any CPU
		{72B52171-1F17-40E5-90C4-5254126867C8}.Release|x64.Build.0 = Release|Any CPU
		{72B52171-1F17-40E5-90C4-5254126867C8}.Release|x86.ActiveCfg = Release|Any CPU
		{72B52171-1F17-40E5-90C4-5254126867C8}.Release|x86.Build.0 = Release|Any CPU
		{8E2744A9-4310-494D-819A-9643219DB506}.Debug|Any CPU.ActiveCfg = Debug|Any CPU
		{8E2744A9-4310-494D-819A-9643219DB506}.Debug|Any CPU.Build.0 = Debug|Any CPU
		{8E2744A9-4310-494D-819A-9643219DB506}.Debug|x64.ActiveCfg = Debug|Any CPU
		{8E2744A9-4310-494D-819A-9643219DB506}.Debug|x64.Build.0 = Debug|Any CPU
		{8E2744A9-4310-494D-819A-9643219DB506}.Debug|x86.ActiveCfg = Debug|Any CPU
		{8E2744A9-4310-494D-819A-9643219DB506}.Debug|x86.Build.0 = Debug|Any CPU
		{8E2744A9-4310-494D-819A-9643219DB506}.Release|Any CPU.ActiveCfg = Release|Any CPU
		{8E2744A9-4310-494D-819A-9643219DB506}.Release|Any CPU.Build.0 = Release|Any CPU
		{8E2744A9-4310-494D-819A-9643219DB506}.Release|x64.ActiveCfg = Release|Any CPU
		{8E2744A9-4310-494D-819A-9643219DB506}.Release|x64.Build.0 = Release|Any CPU
		{8E2744A9-4310-494D-819A-9643219DB506}.Release|x86.ActiveCfg = Release|Any CPU
		{8E2744A9-4310-494D-819A-9643219DB506}.Release|x86.Build.0 = Release|Any CPU
	EndGlobalSection
	GlobalSection(SolutionProperties) = preSolution
		HideSolutionNode = FALSE
	EndGlobalSection
	GlobalSection(NestedProjects) = preSolution
		{924726C8-56A1-4D17-9DFB-78D8A732487E} = {827E0CD3-B72D-47B6-A68D-7590B98EB39B}
		{8B6823E9-3009-4528-8D48-A88802C93551} = {827E0CD3-B72D-47B6-A68D-7590B98EB39B}
		{8C969B9C-2884-4BA5-B75D-C935C7CE922B} = {827E0CD3-B72D-47B6-A68D-7590B98EB39B}
		{6BDD2585-01ED-419E-BFD9-81E55B230FE9} = {827E0CD3-B72D-47B6-A68D-7590B98EB39B}
		{91BEE358-6FD5-4E17-AF0F-D8144F6F7070} = {0AB3BF05-4346-4AA6-1389-037BE0695223}
		{72B52171-1F17-40E5-90C4-5254126867C8} = {0AB3BF05-4346-4AA6-1389-037BE0695223}
		{8E2744A9-4310-494D-819A-9643219DB506} = {0AB3BF05-4346-4AA6-1389-037BE0695223}
	EndGlobalSection
EndGlobal
